{
	"nodes": {
		"flake-utils": {
			"inputs": {
				"systems": "systems"
			},
			"locked": {
				"lastModified": 1731533236,
				"narHash": "sha256-l0KFg5HjrsfsO/JpG+r7fRrqm12kzFHyUHqHCVpMMbI=",
				"owner": "numtide",
				"repo": "flake-utils",
				"rev": "11707dc2f618dd54ca8739b309ec4fc024de578b",
				"type": "github"
			},
			"original": {
				"owner": "numtide",
				"repo": "flake-utils",
				"type": "github"
			}
		},
		"flake-utils_2": {
			"inputs": {
				"systems": "systems_2"
			},
			"locked": {
				"lastModified": 1731533236,
				"narHash": "sha256-l0KFg5HjrsfsO/JpG+r7fRrqm12kzFHyUHqHCVpMMbI=",
				"owner": "numtide",
				"repo": "flake-utils",
				"rev": "11707dc2f618dd54ca8739b309ec4fc024de578b",
				"type": "github"
			},
			"original": {
				"owner": "numtide",
				"repo": "flake-utils",
				"type": "github"
			}
		},
		"nixfmtty": {
			"inputs": {
				"flake-utils": "flake-utils_2",
				"nixpkgs": "nixpkgs"
			},
			"locked": {
				"dir": "nix/pkgs/nixfmtty",
				"lastModified": 1744693997,
				"narHash": "sha256-UqRc8i3426jrxG9KGvg7xeKW3Hz49BcZtul10tihkY8=",
				"owner": "nuttyversal",
				"repo": "next",
				"rev": "1cb769d1a7addbc3c5dce4e96c8e4b18c70614e7",
				"type": "github"
			},
			"original": {
				"dir": "nix/pkgs/nixfmtty",
				"owner": "nuttyversal",
				"repo": "next",
				"type": "github"
			}
		},
		"nixpkgs": {
			"locked": {
				"lastModified": 1742422364,
				"narHash": "sha256-mNqIplmEohk5jRkqYqG19GA8MbQ/D4gQSK0Mu4LvfRQ=",
				"owner": "NixOS",
				"repo": "nixpkgs",
				"rev": "a84ebe20c6bc2ecbcfb000a50776219f48d134cc",
				"type": "github"
			},
			"original": {
				"owner": "NixOS",
				"ref": "nixos-unstable",
				"repo": "nixpkgs",
				"type": "github"
			}
		},
		"nixpkgs_2": {
			"locked": {
				"lastModified": 1744463964,
				"narHash": "sha256-LWqduOgLHCFxiTNYi3Uj5Lgz0SR+Xhw3kr/3Xd0GPTM=",
				"owner": "NixOS",
				"repo": "nixpkgs",
				"rev": "2631b0b7abcea6e640ce31cd78ea58910d31e650",
				"type": "github"
			},
			"original": {
				"owner": "NixOS",
				"ref": "nixos-unstable",
				"repo": "nixpkgs",
				"type": "github"
			}
		},
		"root": {
			"inputs": {
				"flake-utils": "flake-utils",
				"nixfmtty": "nixfmtty",
				"nixpkgs": "nixpkgs_2"
			}
		},
		"systems": {
			"locked": {
				"lastModified": 1681028828,
				"narHash": "sha256-Vy1rq5AaRuLzOxct8nz4T6wlgyUR7zLU309k9mBC768=",
				"owner": "nix-systems",
				"repo": "default",
				"rev": "da67096a3b9bf56a91d16901293e51ba5b49a27e",
				"type": "github"
			},
			"original": {
				"owner": "nix-systems",
				"repo": "default",
				"type": "github"
			}
		},
		"systems_2": {
			"locked": {
				"lastModified": 1681028828,
				"narHash": "sha256-Vy1rq5AaRuLzOxct8nz4T6wlgyUR7zLU309k9mBC768=",
				"owner": "nix-systems",
				"repo": "default",
				"rev": "da67096a3b9bf56a91d16901293e51ba5b49a27e",
				"type": "github"
			},
			"original": {
				"owner": "nix-systems",
				"repo": "default",
				"type": "github"
			}
		}
	},
	"root": "root",
	"version": 7
}
