{
	"nodes": {
		"flake-utils": {
			"inputs": {
				"systems": "systems"
			},
			"locked": {
				"lastModified": 1731533236,
				"narHash": "sha256-l0KFg5HjrsfsO/JpG+r7fRrqm12kzFHyUHqHCVpMMbI=",
				"owner": "numtide",
				"repo": "flake-utils",
				"rev": "11707dc2f618dd54ca8739b309ec4fc024de578b",
				"type": "github"
			},
			"original": {
				"owner": "numtide",
				"repo": "flake-utils",
				"type": "github"
			}
		},
		"flake-utils_2": {
			"inputs": {
				"systems": "systems_2"
			},
			"locked": {
				"lastModified": 1726560853,
				"narHash": "sha256-X6rJYSESBVr3hBoH0WbKE5KvhPU5bloyZ2L4K60/fPQ=",
				"owner": "numtide",
				"repo": "flake-utils",
				"rev": "c1dfcf08411b08f6b8615f7d8971a2bfa81d5e8a",
				"type": "github"
			},
			"original": {
				"owner": "numtide",
				"repo": "flake-utils",
				"type": "github"
			}
		},
		"nixfmtty": {
			"inputs": {
				"flake-utils": "flake-utils_2",
				"nixpkgs": "nixpkgs"
			},
			"locked": {
				"dir": "nix/pkgs/nixfmtty",
				"lastModified": 1735524070,
				"narHash": "sha256-1xtGzGahSs760hkfWIoB0Px7YMJUJoOIaylYGNvaViU=",
				"owner": "nuttyversal",
				"repo": "next",
				"rev": "af7d4efff4376e879b998dd167120e9dcee9f85b",
				"type": "github"
			},
			"original": {
				"dir": "nix/pkgs/nixfmtty",
				"owner": "nuttyversal",
				"repo": "next",
				"type": "github"
			}
		},
		"nixpkgs": {
			"locked": {
				"lastModified": 1730531603,
				"narHash": "sha256-Dqg6si5CqIzm87sp57j5nTaeBbWhHFaVyG7V6L8k3lY=",
				"owner": "NixOS",
				"repo": "nixpkgs",
				"rev": "7ffd9ae656aec493492b44d0ddfb28e79a1ea25d",
				"type": "github"
			},
			"original": {
				"owner": "NixOS",
				"ref": "nixos-unstable",
				"repo": "nixpkgs",
				"type": "github"
			}
		},
		"nixpkgs_2": {
			"locked": {
				"lastModified": 1742422364,
				"narHash": "sha256-mNqIplmEohk5jRkqYqG19GA8MbQ/D4gQSK0Mu4LvfRQ=",
				"owner": "NixOS",
				"repo": "nixpkgs",
				"rev": "a84ebe20c6bc2ecbcfb000a50776219f48d134cc",
				"type": "github"
			},
			"original": {
				"owner": "NixOS",
				"ref": "nixos-unstable",
				"repo": "nixpkgs",
				"type": "github"
			}
		},
		"root": {
			"inputs": {
				"flake-utils": "flake-utils",
				"nixfmtty": "nixfmtty",
				"nixpkgs": "nixpkgs_2"
			}
		},
		"systems": {
			"locked": {
				"lastModified": 1681028828,
				"narHash": "sha256-Vy1rq5AaRuLzOxct8nz4T6wlgyUR7zLU309k9mBC768=",
				"owner": "nix-systems",
				"repo": "default",
				"rev": "da67096a3b9bf56a91d16901293e51ba5b49a27e",
				"type": "github"
			},
			"original": {
				"owner": "nix-systems",
				"repo": "default",
				"type": "github"
			}
		},
		"systems_2": {
			"locked": {
				"lastModified": 1681028828,
				"narHash": "sha256-Vy1rq5AaRuLzOxct8nz4T6wlgyUR7zLU309k9mBC768=",
				"owner": "nix-systems",
				"repo": "default",
				"rev": "da67096a3b9bf56a91d16901293e51ba5b49a27e",
				"type": "github"
			},
			"original": {
				"owner": "nix-systems",
				"repo": "default",
				"type": "github"
			}
		}
	},
	"root": "root",
	"version": 7
}
